{
    "version": 3,
    "terraform_version": "0.9.2",
    "serial": 17,
    "lineage": "9368557c-236d-40d3-b3ba-3605cbcdd531",
    "modules": [
        {
            "path": [
                "root"
            ],
            "outputs": {
                "minion_role_policy": {
                    "sensitive": false,
                    "type": "string",
                    "value": "kubernetes-minion-policy-hello-world-kubernetes-vpc"
                },
                "vpc_id": {
                    "sensitive": false,
                    "type": "string",
                    "value": "vpc-075a7160"
                }
            },
            "resources": {},
            "depends_on": []
        },
        {
            "path": [
                "root",
                "autoscaling_group"
            ],
            "outputs": {},
            "resources": {},
            "depends_on": []
        },
        {
            "path": [
                "root",
                "cluster"
            ],
            "outputs": {
                "asg_name": {
                    "sensitive": false,
                    "type": "string",
                    "value": "hello-world-minion-group-us-west-2a"
                },
                "domain_name": {
                    "sensitive": false,
                    "type": "string",
                    "value": "us-west-2.compute.internal"
                },
                "id": {
                    "sensitive": false,
                    "type": "string",
                    "value": "aws-hello-world"
                },
                "master_iam_instance_profile_name": {
                    "sensitive": false,
                    "type": "string",
                    "value": "kubernetes-master-profile-hello-world-kubernetes-vpc"
                },
                "master_iam_role_name": {
                    "sensitive": false,
                    "type": "string",
                    "value": "kubernetes-master-hello-world-kubernetes-vpc"
                },
                "master_iam_role_policy_name": {
                    "sensitive": false,
                    "type": "string",
                    "value": "kubernetes-master-policy-hello-world-kubernetes-vpc"
                },
                "master_security_group_name": {
                    "sensitive": false,
                    "type": "string",
                    "value": "kubernetes-master-security-hello-world"
                },
                "minion_iam_instance_profile_name": {
                    "sensitive": false,
                    "type": "string",
                    "value": "kubernetes-minion-profile-hello-world-kubernetes-vpc"
                },
                "minion_iam_role_name": {
                    "sensitive": false,
                    "type": "string",
                    "value": "kubernetes-minion-hello-world-kubernetes-vpc"
                },
                "minion_iam_role_policy_name": {
                    "sensitive": false,
                    "type": "string",
                    "value": "kubernetes-minion-policy-hello-world-kubernetes-vpc"
                },
                "minion_security_group_name": {
                    "sensitive": false,
                    "type": "string",
                    "value": "kubernetes-minion-security-hello-world"
                }
            },
            "resources": {},
            "depends_on": []
        },
        {
            "path": [
                "root",
                "internet_gateway"
            ],
            "outputs": {
                "id": {
                    "sensitive": false,
                    "type": "string",
                    "value": "igw-d3a148b4"
                }
            },
            "resources": {
                "aws_internet_gateway.aws_internet_gateway": {
                    "type": "aws_internet_gateway",
                    "depends_on": [],
                    "primary": {
                        "id": "igw-d3a148b4",
                        "attributes": {
                            "id": "igw-d3a148b4",
                            "vpc_id": "vpc-075a7160"
                        },
                        "meta": {},
                        "tainted": false
                    },
                    "deposed": [],
                    "provider": ""
                }
            },
            "depends_on": []
        },
        {
            "path": [
                "root",
                "key_pair"
            ],
            "outputs": {
                "key_name": {
                    "sensitive": false,
                    "type": "string",
                    "value": "MD5:8e:e8:51:3a:11:7a:1d:1f:26:57:8e:73:8c:b7:4b:2c"
                }
            },
            "resources": {
                "aws_key_pair.aws_key_pair": {
                    "type": "aws_key_pair",
                    "depends_on": [],
                    "primary": {
                        "id": "MD5:8e:e8:51:3a:11:7a:1d:1f:26:57:8e:73:8c:b7:4b:2c",
                        "attributes": {
                            "id": "MD5:8e:e8:51:3a:11:7a:1d:1f:26:57:8e:73:8c:b7:4b:2c",
                            "key_name": "MD5:8e:e8:51:3a:11:7a:1d:1f:26:57:8e:73:8c:b7:4b:2c",
                            "public_key": "ssh-rsa AAAAB3NzaC1yc2EAAAADAQABAAABAQC2NaVn+fxs4oa+kEOnEGQ5A0xKfGxcbfpV8xwBErwnRplBnvGjvIpQsyNfmT4O5g8yFXHUnK7Z/ulUVevBPsIVe//YVuHEw4ohCNN4KFwfQGP4uzVcZgMAA25tlKxXUxlLIbCLK3sk/kIjc9JGbeLI4HnLetz/zUTtrQZdexqMXmFKut6Uz91e5ZlZugIHmw9TbZiMpzEUMRSHkWsN9Qzt9rh4xaUjE1VXrR5lXTxP/b4yLZGJ/AmD30AAnXgX+dwKKTlnXXY4g0E5DmprawZxSvDdhG2EWfAXZDsXBaoysjNIxEW7sYyTGVfCuc52J0SVZzke4M6h6cKPq446D1uN sud@sud"
                        },
                        "meta": {
                            "schema_version": "1"
                        },
                        "tainted": false
                    },
                    "deposed": [],
                    "provider": ""
                }
            },
            "depends_on": []
        },
        {
            "path": [
                "root",
                "launch_configuration"
            ],
            "outputs": {},
            "resources": {},
            "depends_on": []
        },
        {
            "path": [
                "root",
                "mas_to_mas_security_group_rule"
            ],
            "outputs": {
                "from_port": {
                    "sensitive": false,
                    "type": "string",
                    "value": "0"
                },
                "id": {
                    "sensitive": false,
                    "type": "string",
                    "value": "sgrule-3720855042"
                },
                "protocol": {
                    "sensitive": false,
                    "type": "string",
                    "value": "-1"
                },
                "to_port": {
                    "sensitive": false,
                    "type": "string",
                    "value": "65535"
                },
                "type": {
                    "sensitive": false,
                    "type": "string",
                    "value": "ingress"
                }
            },
            "resources": {
                "aws_security_group_rule.aws_security_group_rule": {
                    "type": "aws_security_group_rule",
                    "depends_on": [],
                    "primary": {
                        "id": "sgrule-3720855042",
                        "attributes": {
                            "from_port": "0",
                            "id": "sgrule-3720855042",
                            "protocol": "-1",
                            "security_group_id": "sg-77b5080c",
                            "self": "false",
                            "source_security_group_id": "sg-77b5080c",
                            "to_port": "65535",
                            "type": "ingress"
                        },
                        "meta": {
                            "schema_version": "2"
                        },
                        "tainted": false
                    },
                    "deposed": [],
                    "provider": ""
                }
            },
            "depends_on": []
        },
        {
            "path": [
                "root",
                "mas_to_min_security_group_rule"
            ],
            "outputs": {
                "from_port": {
                    "sensitive": false,
                    "type": "string",
                    "value": "0"
                },
                "id": {
                    "sensitive": false,
                    "type": "string",
                    "value": "sgrule-2935115084"
                },
                "protocol": {
                    "sensitive": false,
                    "type": "string",
                    "value": "-1"
                },
                "to_port": {
                    "sensitive": false,
                    "type": "string",
                    "value": "65535"
                },
                "type": {
                    "sensitive": false,
                    "type": "string",
                    "value": "ingress"
                }
            },
            "resources": {
                "aws_security_group_rule.aws_security_group_rule": {
                    "type": "aws_security_group_rule",
                    "depends_on": [],
                    "primary": {
                        "id": "sgrule-2935115084",
                        "attributes": {
                            "from_port": "0",
                            "id": "sgrule-2935115084",
                            "protocol": "-1",
                            "security_group_id": "sg-d5ba07ae",
                            "self": "false",
                            "source_security_group_id": "sg-77b5080c",
                            "to_port": "65535",
                            "type": "ingress"
                        },
                        "meta": {
                            "schema_version": "2"
                        },
                        "tainted": false
                    },
                    "deposed": [],
                    "provider": ""
                }
            },
            "depends_on": []
        },
        {
            "path": [
                "root",
                "master_https_security_group_ingress"
            ],
            "outputs": {
                "from_port": {
                    "sensitive": false,
                    "type": "string",
                    "value": "443"
                },
                "id": {
                    "sensitive": false,
                    "type": "string",
                    "value": "sgrule-1700219078"
                },
                "protocol": {
                    "sensitive": false,
                    "type": "string",
                    "value": "tcp"
                },
                "to_port": {
                    "sensitive": false,
                    "type": "string",
                    "value": "443"
                },
                "type": {
                    "sensitive": false,
                    "type": "string",
                    "value": "ingress"
                }
            },
            "resources": {
                "aws_security_group_rule.aws_security_group_rule": {
                    "type": "aws_security_group_rule",
                    "depends_on": [],
                    "primary": {
                        "id": "sgrule-1700219078",
                        "attributes": {
                            "cidr_blocks.#": "1",
                            "cidr_blocks.0": "0.0.0.0/0",
                            "from_port": "443",
                            "id": "sgrule-1700219078",
                            "protocol": "tcp",
                            "security_group_id": "sg-77b5080c",
                            "self": "false",
                            "to_port": "443",
                            "type": "ingress"
                        },
                        "meta": {
                            "schema_version": "2"
                        },
                        "tainted": false
                    },
                    "deposed": [],
                    "provider": ""
                }
            },
            "depends_on": []
        },
        {
            "path": [
                "root",
                "master_iam_instance_profile"
            ],
            "outputs": {
                "arn": {
                    "sensitive": false,
                    "type": "string",
                    "value": "arn:aws:iam::156281343982:instance-profile/kubernetes-master-profile-hello-world-kubernetes-vpc"
                },
                "id": {
                    "sensitive": false,
                    "type": "string",
                    "value": "kubernetes-master-profile-hello-world-kubernetes-vpc"
                },
                "name": {
                    "sensitive": false,
                    "type": "string",
                    "value": "kubernetes-master-profile-hello-world-kubernetes-vpc"
                },
                "path": {
                    "sensitive": false,
                    "type": "string",
                    "value": "/"
                },
                "roles": {
                    "sensitive": false,
                    "type": "list",
                    "value": [
                        "kubernetes-master-hello-world-kubernetes-vpc"
                    ]
                },
                "unique_id": {
                    "sensitive": false,
                    "type": "string",
                    "value": "AIPAJJ2B42VQGX4LKNJDA"
                }
            },
            "resources": {
                "aws_iam_instance_profile.aws_iam_instance_profile": {
                    "type": "aws_iam_instance_profile",
                    "depends_on": [],
                    "primary": {
                        "id": "kubernetes-master-profile-hello-world-kubernetes-vpc",
                        "attributes": {
                            "arn": "arn:aws:iam::156281343982:instance-profile/kubernetes-master-profile-hello-world-kubernetes-vpc",
                            "id": "kubernetes-master-profile-hello-world-kubernetes-vpc",
                            "name": "kubernetes-master-profile-hello-world-kubernetes-vpc",
                            "path": "/",
                            "roles.#": "1",
                            "roles.2826542205": "kubernetes-master-hello-world-kubernetes-vpc",
                            "unique_id": "AIPAJJ2B42VQGX4LKNJDA"
                        },
                        "meta": {},
                        "tainted": false
                    },
                    "deposed": [],
                    "provider": ""
                }
            },
            "depends_on": []
        },
        {
            "path": [
                "root",
                "master_iam_role"
            ],
            "outputs": {
                "arn": {
                    "sensitive": false,
                    "type": "string",
                    "value": "arn:aws:iam::156281343982:role/kubernetes-master-hello-world-kubernetes-vpc"
                },
                "create_date": {
                    "sensitive": false,
                    "type": "string",
                    "value": "2017-04-23T01:44:32Z"
                },
                "name": {
                    "sensitive": false,
                    "type": "string",
                    "value": "kubernetes-master-hello-world-kubernetes-vpc"
                },
                "unique_id": {
                    "sensitive": false,
                    "type": "string",
                    "value": "AROAJARHHSNYTILOLY7RU"
                }
            },
            "resources": {
                "aws_iam_role.aws_iam_role": {
                    "type": "aws_iam_role",
                    "depends_on": [],
                    "primary": {
                        "id": "kubernetes-master-hello-world-kubernetes-vpc",
                        "attributes": {
                            "arn": "arn:aws:iam::156281343982:role/kubernetes-master-hello-world-kubernetes-vpc",
                            "assume_role_policy": "{\n  \"Version\": \"2012-10-17\",\n  \"Statement\": [\n    {\n      \"Effect\": \"Allow\",\n      \"Principal\": { \"Service\": \"ec2.amazonaws.com\"},\n      \"Action\": \"sts:AssumeRole\"\n    }\n  ]\n}\n",
                            "create_date": "2017-04-23T01:44:32Z",
                            "id": "kubernetes-master-hello-world-kubernetes-vpc",
                            "name": "kubernetes-master-hello-world-kubernetes-vpc",
                            "path": "/",
                            "unique_id": "AROAJARHHSNYTILOLY7RU"
                        },
                        "meta": {},
                        "tainted": false
                    },
                    "deposed": [],
                    "provider": ""
                }
            },
            "depends_on": []
        },
        {
            "path": [
                "root",
                "master_iam_role_policy"
            ],
            "outputs": {
                "id": {
                    "sensitive": false,
                    "type": "string",
                    "value": "kubernetes-master-hello-world-kubernetes-vpc:kubernetes-master-policy-hello-world-kubernetes-vpc"
                },
                "name": {
                    "sensitive": false,
                    "type": "string",
                    "value": "kubernetes-master-policy-hello-world-kubernetes-vpc"
                },
                "policy": {
                    "sensitive": false,
                    "type": "string",
                    "value": "{\n  \"Version\": \"2012-10-17\",\n  \"Statement\": [\n    {\n      \"Effect\": \"Allow\",\n      \"Action\": [\"ec2:*\"],\n      \"Resource\": [\"*\"]\n    },\n    {\n      \"Effect\": \"Allow\",\n      \"Action\": [\"elasticloadbalancing:*\"],\n      \"Resource\": [\"*\"]\n    },\n    {\n      \"Effect\": \"Allow\",\n      \"Action\": [\"route53:*\"],\n      \"Resource\": [\"*\"]\n    },\n    {\n      \"Effect\": \"Allow\",\n      \"Action\": \"s3:*\",\n      \"Resource\": [\n        \"arn:aws:s3:::kubernetes-*\"\n      ]\n    }\n  ]\n}\n"
                },
                "role": {
                    "sensitive": false,
                    "type": "string",
                    "value": "kubernetes-master-hello-world-kubernetes-vpc"
                }
            },
            "resources": {
                "aws_iam_role_policy.aws_iam_role_policy": {
                    "type": "aws_iam_role_policy",
                    "depends_on": [],
                    "primary": {
                        "id": "kubernetes-master-hello-world-kubernetes-vpc:kubernetes-master-policy-hello-world-kubernetes-vpc",
                        "attributes": {
                            "id": "kubernetes-master-hello-world-kubernetes-vpc:kubernetes-master-policy-hello-world-kubernetes-vpc",
                            "name": "kubernetes-master-policy-hello-world-kubernetes-vpc",
                            "policy": "{\n  \"Version\": \"2012-10-17\",\n  \"Statement\": [\n    {\n      \"Effect\": \"Allow\",\n      \"Action\": [\"ec2:*\"],\n      \"Resource\": [\"*\"]\n    },\n    {\n      \"Effect\": \"Allow\",\n      \"Action\": [\"elasticloadbalancing:*\"],\n      \"Resource\": [\"*\"]\n    },\n    {\n      \"Effect\": \"Allow\",\n      \"Action\": [\"route53:*\"],\n      \"Resource\": [\"*\"]\n    },\n    {\n      \"Effect\": \"Allow\",\n      \"Action\": \"s3:*\",\n      \"Resource\": [\n        \"arn:aws:s3:::kubernetes-*\"\n      ]\n    }\n  ]\n}\n",
                            "role": "kubernetes-master-hello-world-kubernetes-vpc"
                        },
                        "meta": {},
                        "tainted": false
                    },
                    "deposed": [],
                    "provider": ""
                }
            },
            "depends_on": []
        },
        {
            "path": [
                "root",
                "master_security_group"
            ],
            "outputs": {
                "egress": {
                    "sensitive": false,
                    "type": "list",
                    "value": []
                },
                "id": {
                    "sensitive": false,
                    "type": "string",
                    "value": "sg-77b5080c"
                },
                "ingress": {
                    "sensitive": false,
                    "type": "list",
                    "value": []
                },
                "name": {
                    "sensitive": false,
                    "type": "string",
                    "value": "kubernetes-master-security-hello-world"
                },
                "vpc_id": {
                    "sensitive": false,
                    "type": "string",
                    "value": "vpc-075a7160"
                }
            },
            "resources": {
                "aws_security_group.aws_security_group": {
                    "type": "aws_security_group",
                    "depends_on": [],
                    "primary": {
                        "id": "sg-77b5080c",
                        "attributes": {
                            "description": "Kubernetes security group applied to master nodes",
                            "egress.#": "0",
                            "id": "sg-77b5080c",
                            "ingress.#": "0",
                            "name": "kubernetes-master-security-hello-world",
                            "owner_id": "156281343982",
                            "tags.%": "0",
                            "vpc_id": "vpc-075a7160"
                        },
                        "meta": {},
                        "tainted": false
                    },
                    "deposed": [],
                    "provider": ""
                }
            },
            "depends_on": []
        },
        {
            "path": [
                "root",
                "master_ssh_security_group_ingress"
            ],
            "outputs": {
                "from_port": {
                    "sensitive": false,
                    "type": "string",
                    "value": "22"
                },
                "id": {
                    "sensitive": false,
                    "type": "string",
                    "value": "sgrule-366347005"
                },
                "protocol": {
                    "sensitive": false,
                    "type": "string",
                    "value": "tcp"
                },
                "to_port": {
                    "sensitive": false,
                    "type": "string",
                    "value": "22"
                },
                "type": {
                    "sensitive": false,
                    "type": "string",
                    "value": "ingress"
                }
            },
            "resources": {
                "aws_security_group_rule.aws_security_group_rule": {
                    "type": "aws_security_group_rule",
                    "depends_on": [],
                    "primary": {
                        "id": "sgrule-366347005",
                        "attributes": {
                            "cidr_blocks.#": "1",
                            "cidr_blocks.0": "0.0.0.0/0",
                            "from_port": "22",
                            "id": "sgrule-366347005",
                            "protocol": "tcp",
                            "security_group_id": "sg-77b5080c",
                            "self": "false",
                            "to_port": "22",
                            "type": "ingress"
                        },
                        "meta": {
                            "schema_version": "2"
                        },
                        "tainted": false
                    },
                    "deposed": [],
                    "provider": ""
                }
            },
            "depends_on": []
        },
        {
            "path": [
                "root",
                "min_to_mas_security_group_rule"
            ],
            "outputs": {
                "from_port": {
                    "sensitive": false,
                    "type": "string",
                    "value": "0"
                },
                "id": {
                    "sensitive": false,
                    "type": "string",
                    "value": "sgrule-2212816335"
                },
                "protocol": {
                    "sensitive": false,
                    "type": "string",
                    "value": "-1"
                },
                "to_port": {
                    "sensitive": false,
                    "type": "string",
                    "value": "65535"
                },
                "type": {
                    "sensitive": false,
                    "type": "string",
                    "value": "ingress"
                }
            },
            "resources": {
                "aws_security_group_rule.aws_security_group_rule": {
                    "type": "aws_security_group_rule",
                    "depends_on": [],
                    "primary": {
                        "id": "sgrule-2212816335",
                        "attributes": {
                            "from_port": "0",
                            "id": "sgrule-2212816335",
                            "protocol": "-1",
                            "security_group_id": "sg-77b5080c",
                            "self": "false",
                            "source_security_group_id": "sg-d5ba07ae",
                            "to_port": "65535",
                            "type": "ingress"
                        },
                        "meta": {
                            "schema_version": "2"
                        },
                        "tainted": false
                    },
                    "deposed": [],
                    "provider": ""
                }
            },
            "depends_on": []
        },
        {
            "path": [
                "root",
                "min_to_min_security_group_rule"
            ],
            "outputs": {
                "from_port": {
                    "sensitive": false,
                    "type": "string",
                    "value": "0"
                },
                "id": {
                    "sensitive": false,
                    "type": "string",
                    "value": "sgrule-4040234625"
                },
                "protocol": {
                    "sensitive": false,
                    "type": "string",
                    "value": "-1"
                },
                "to_port": {
                    "sensitive": false,
                    "type": "string",
                    "value": "65535"
                },
                "type": {
                    "sensitive": false,
                    "type": "string",
                    "value": "ingress"
                }
            },
            "resources": {
                "aws_security_group_rule.aws_security_group_rule": {
                    "type": "aws_security_group_rule",
                    "depends_on": [],
                    "primary": {
                        "id": "sgrule-4040234625",
                        "attributes": {
                            "from_port": "0",
                            "id": "sgrule-4040234625",
                            "protocol": "-1",
                            "security_group_id": "sg-d5ba07ae",
                            "self": "false",
                            "source_security_group_id": "sg-d5ba07ae",
                            "to_port": "65535",
                            "type": "ingress"
                        },
                        "meta": {
                            "schema_version": "2"
                        },
                        "tainted": false
                    },
                    "deposed": [],
                    "provider": ""
                }
            },
            "depends_on": []
        },
        {
            "path": [
                "root",
                "minion_iam_instance_profile"
            ],
            "outputs": {
                "arn": {
                    "sensitive": false,
                    "type": "string",
                    "value": "arn:aws:iam::156281343982:instance-profile/kubernetes-minion-profile-hello-world-kubernetes-vpc"
                },
                "id": {
                    "sensitive": false,
                    "type": "string",
                    "value": "kubernetes-minion-profile-hello-world-kubernetes-vpc"
                },
                "name": {
                    "sensitive": false,
                    "type": "string",
                    "value": "kubernetes-minion-profile-hello-world-kubernetes-vpc"
                },
                "path": {
                    "sensitive": false,
                    "type": "string",
                    "value": "/"
                },
                "roles": {
                    "sensitive": false,
                    "type": "list",
                    "value": [
                        "kubernetes-minion-hello-world-kubernetes-vpc"
                    ]
                },
                "unique_id": {
                    "sensitive": false,
                    "type": "string",
                    "value": "AIPAJHFLMBY4THOHE2ERS"
                }
            },
            "resources": {
                "aws_iam_instance_profile.aws_iam_instance_profile": {
                    "type": "aws_iam_instance_profile",
                    "depends_on": [],
                    "primary": {
                        "id": "kubernetes-minion-profile-hello-world-kubernetes-vpc",
                        "attributes": {
                            "arn": "arn:aws:iam::156281343982:instance-profile/kubernetes-minion-profile-hello-world-kubernetes-vpc",
                            "id": "kubernetes-minion-profile-hello-world-kubernetes-vpc",
                            "name": "kubernetes-minion-profile-hello-world-kubernetes-vpc",
                            "path": "/",
                            "roles.#": "1",
                            "roles.450486185": "kubernetes-minion-hello-world-kubernetes-vpc",
                            "unique_id": "AIPAJHFLMBY4THOHE2ERS"
                        },
                        "meta": {},
                        "tainted": false
                    },
                    "deposed": [],
                    "provider": ""
                }
            },
            "depends_on": []
        },
        {
            "path": [
                "root",
                "minion_iam_role"
            ],
            "outputs": {
                "arn": {
                    "sensitive": false,
                    "type": "string",
                    "value": "arn:aws:iam::156281343982:role/kubernetes-minion-hello-world-kubernetes-vpc"
                },
                "create_date": {
                    "sensitive": false,
                    "type": "string",
                    "value": "2017-04-23T01:44:34Z"
                },
                "name": {
                    "sensitive": false,
                    "type": "string",
                    "value": "kubernetes-minion-hello-world-kubernetes-vpc"
                },
                "unique_id": {
                    "sensitive": false,
                    "type": "string",
                    "value": "AROAIWNATWTUHKVYOZ7TY"
                }
            },
            "resources": {
                "aws_iam_role.aws_iam_role": {
                    "type": "aws_iam_role",
                    "depends_on": [],
                    "primary": {
                        "id": "kubernetes-minion-hello-world-kubernetes-vpc",
                        "attributes": {
                            "arn": "arn:aws:iam::156281343982:role/kubernetes-minion-hello-world-kubernetes-vpc",
                            "assume_role_policy": "{\n  \"Version\": \"2012-10-17\",\n  \"Statement\": [\n    {\n      \"Effect\": \"Allow\",\n      \"Principal\": { \"Service\": \"ec2.amazonaws.com\"},\n      \"Action\": \"sts:AssumeRole\"\n    }\n  ]\n}\n",
                            "create_date": "2017-04-23T01:44:34Z",
                            "id": "kubernetes-minion-hello-world-kubernetes-vpc",
                            "name": "kubernetes-minion-hello-world-kubernetes-vpc",
                            "path": "/",
                            "unique_id": "AROAIWNATWTUHKVYOZ7TY"
                        },
                        "meta": {},
                        "tainted": false
                    },
                    "deposed": [],
                    "provider": ""
                }
            },
            "depends_on": []
        },
        {
            "path": [
                "root",
                "minion_iam_role_policy"
            ],
            "outputs": {
                "id": {
                    "sensitive": false,
                    "type": "string",
                    "value": "kubernetes-minion-hello-world-kubernetes-vpc:kubernetes-minion-policy-hello-world-kubernetes-vpc"
                },
                "name": {
                    "sensitive": false,
                    "type": "string",
                    "value": "kubernetes-minion-policy-hello-world-kubernetes-vpc"
                },
                "policy": {
                    "sensitive": false,
                    "type": "string",
                    "value": "{\n  \"Version\": \"2012-10-17\",\n  \"Statement\": [\n    {\n      \"Effect\": \"Allow\",\n      \"Action\": \"s3:*\",\n      \"Resource\": [\n        \"arn:aws:s3:::kubernetes-*\"\n      ]\n    },\n    {\n      \"Effect\": \"Allow\",\n      \"Action\": \"ec2:Describe*\",\n      \"Resource\": \"*\"\n    },\n    {\n      \"Effect\": \"Allow\",\n      \"Action\": \"ec2:AttachVolume\",\n      \"Resource\": \"*\"\n    },\n    {\n      \"Effect\": \"Allow\",\n      \"Action\": \"ec2:DetachVolume\",\n      \"Resource\": \"*\"\n    },\n    {\n      \"Effect\": \"Allow\",\n      \"Action\": [\"route53:*\"],\n      \"Resource\": [\"*\"]\n    },\n    {\n      \"Effect\": \"Allow\",\n      \"Action\": [\n        \"ecr:GetAuthorizationToken\",\n        \"ecr:BatchCheckLayerAvailability\",\n        \"ecr:GetDownloadUrlForLayer\",\n        \"ecr:GetRepositoryPolicy\",\n        \"ecr:DescribeRepositories\",\n        \"ecr:ListImages\",\n        \"ecr:BatchGetImage\"\n      ],\n      \"Resource\": \"*\"\n    }\n  ]\n}\n"
                },
                "role": {
                    "sensitive": false,
                    "type": "string",
                    "value": "kubernetes-minion-hello-world-kubernetes-vpc"
                }
            },
            "resources": {
                "aws_iam_role_policy.aws_iam_role_policy": {
                    "type": "aws_iam_role_policy",
                    "depends_on": [],
                    "primary": {
                        "id": "kubernetes-minion-hello-world-kubernetes-vpc:kubernetes-minion-policy-hello-world-kubernetes-vpc",
                        "attributes": {
                            "id": "kubernetes-minion-hello-world-kubernetes-vpc:kubernetes-minion-policy-hello-world-kubernetes-vpc",
                            "name": "kubernetes-minion-policy-hello-world-kubernetes-vpc",
                            "policy": "{\n  \"Version\": \"2012-10-17\",\n  \"Statement\": [\n    {\n      \"Effect\": \"Allow\",\n      \"Action\": \"s3:*\",\n      \"Resource\": [\n        \"arn:aws:s3:::kubernetes-*\"\n      ]\n    },\n    {\n      \"Effect\": \"Allow\",\n      \"Action\": \"ec2:Describe*\",\n      \"Resource\": \"*\"\n    },\n    {\n      \"Effect\": \"Allow\",\n      \"Action\": \"ec2:AttachVolume\",\n      \"Resource\": \"*\"\n    },\n    {\n      \"Effect\": \"Allow\",\n      \"Action\": \"ec2:DetachVolume\",\n      \"Resource\": \"*\"\n    },\n    {\n      \"Effect\": \"Allow\",\n      \"Action\": [\"route53:*\"],\n      \"Resource\": [\"*\"]\n    },\n    {\n      \"Effect\": \"Allow\",\n      \"Action\": [\n        \"ecr:GetAuthorizationToken\",\n        \"ecr:BatchCheckLayerAvailability\",\n        \"ecr:GetDownloadUrlForLayer\",\n        \"ecr:GetRepositoryPolicy\",\n        \"ecr:DescribeRepositories\",\n        \"ecr:ListImages\",\n        \"ecr:BatchGetImage\"\n      ],\n      \"Resource\": \"*\"\n    }\n  ]\n}\n",
                            "role": "kubernetes-minion-hello-world-kubernetes-vpc"
                        },
                        "meta": {},
                        "tainted": false
                    },
                    "deposed": [],
                    "provider": ""
                }
            },
            "depends_on": []
        },
        {
            "path": [
                "root",
                "minion_security_group"
            ],
            "outputs": {
                "egress": {
                    "sensitive": false,
                    "type": "list",
                    "value": []
                },
                "id": {
                    "sensitive": false,
                    "type": "string",
                    "value": "sg-d5ba07ae"
                },
                "ingress": {
                    "sensitive": false,
                    "type": "list",
                    "value": []
                },
                "name": {
                    "sensitive": false,
                    "type": "string",
                    "value": "kubernetes-minion-security-hello-world"
                },
                "vpc_id": {
                    "sensitive": false,
                    "type": "string",
                    "value": "vpc-075a7160"
                }
            },
            "resources": {
                "aws_security_group.aws_security_group": {
                    "type": "aws_security_group",
                    "depends_on": [],
                    "primary": {
                        "id": "sg-d5ba07ae",
                        "attributes": {
                            "description": "Kubernetes security group applied to minion nodes",
                            "egress.#": "0",
                            "id": "sg-d5ba07ae",
                            "ingress.#": "0",
                            "name": "kubernetes-minion-security-hello-world",
                            "owner_id": "156281343982",
                            "tags.%": "0",
                            "vpc_id": "vpc-075a7160"
                        },
                        "meta": {},
                        "tainted": false
                    },
                    "deposed": [],
                    "provider": ""
                }
            },
            "depends_on": []
        },
        {
            "path": [
                "root",
                "minion_ssh_security_group_ingress"
            ],
            "outputs": {
                "from_port": {
                    "sensitive": false,
                    "type": "string",
                    "value": "22"
                },
                "id": {
                    "sensitive": false,
                    "type": "string",
                    "value": "sgrule-2478747899"
                },
                "protocol": {
                    "sensitive": false,
                    "type": "string",
                    "value": "tcp"
                },
                "to_port": {
                    "sensitive": false,
                    "type": "string",
                    "value": "22"
                },
                "type": {
                    "sensitive": false,
                    "type": "string",
                    "value": "ingress"
                }
            },
            "resources": {
                "aws_security_group_rule.aws_security_group_rule": {
                    "type": "aws_security_group_rule",
                    "depends_on": [],
                    "primary": {
                        "id": "sgrule-2478747899",
                        "attributes": {
                            "cidr_blocks.#": "1",
                            "cidr_blocks.0": "0.0.0.0/0",
                            "from_port": "22",
                            "id": "sgrule-2478747899",
                            "protocol": "tcp",
                            "security_group_id": "sg-d5ba07ae",
                            "self": "false",
                            "to_port": "22",
                            "type": "ingress"
                        },
                        "meta": {
                            "schema_version": "2"
                        },
                        "tainted": false
                    },
                    "deposed": [],
                    "provider": ""
                }
            },
            "depends_on": []
        },
        {
            "path": [
                "root",
                "route"
            ],
            "outputs": {},
            "resources": {
                "aws_route.aws_route": {
                    "type": "aws_route",
                    "depends_on": [],
                    "primary": {
                        "id": "r-rtb-82e139e41080289494",
                        "attributes": {
                            "destination_cidr_block": "0.0.0.0/0",
                            "destination_prefix_list_id": "",
                            "egress_only_gateway_id": "",
                            "gateway_id": "igw-d3a148b4",
                            "id": "r-rtb-82e139e41080289494",
                            "instance_id": "",
                            "instance_owner_id": "",
                            "nat_gateway_id": "",
                            "network_interface_id": "",
                            "origin": "CreateRoute",
                            "route_table_id": "rtb-82e139e4",
                            "state": "active",
                            "vpc_peering_connection_id": ""
                        },
                        "meta": {},
                        "tainted": false
                    },
                    "deposed": [],
                    "provider": ""
                }
            },
            "depends_on": []
        },
        {
            "path": [
                "root",
                "route_table"
            ],
            "outputs": {
                "id": {
                    "sensitive": false,
                    "type": "string",
                    "value": "rtb-82e139e4"
                }
            },
            "resources": {
                "aws_route_table.aws_route_table": {
                    "type": "aws_route_table",
                    "depends_on": [],
                    "primary": {
                        "id": "rtb-82e139e4",
                        "attributes": {
                            "id": "rtb-82e139e4",
                            "propagating_vgws.#": "0",
                            "route.#": "0",
                            "tags.%": "0",
                            "vpc_id": "vpc-075a7160"
                        },
                        "meta": {},
                        "tainted": false
                    },
                    "deposed": [],
                    "provider": ""
                }
            },
            "depends_on": []
        },
        {
            "path": [
                "root",
                "route_table_association"
            ],
            "outputs": {
                "id": {
                    "sensitive": false,
                    "type": "string",
                    "value": "rtbassoc-65e6311c"
                }
            },
            "resources": {
                "aws_route_table_association.aws_route_table_association": {
                    "type": "aws_route_table_association",
                    "depends_on": [],
                    "primary": {
                        "id": "rtbassoc-65e6311c",
                        "attributes": {
                            "id": "rtbassoc-65e6311c",
                            "route_table_id": "rtb-82e139e4",
                            "subnet_id": "subnet-58db4211"
                        },
                        "meta": {},
                        "tainted": false
                    },
                    "deposed": [],
                    "provider": ""
                }
            },
            "depends_on": []
        },
        {
            "path": [
                "root",
                "subnet"
            ],
            "outputs": {
                "availability_zone": {
                    "sensitive": false,
                    "type": "string",
                    "value": "us-west-2a"
                },
                "cidr_block": {
                    "sensitive": false,
                    "type": "string",
                    "value": "172.20.0.0/24"
                },
                "id": {
                    "sensitive": false,
                    "type": "string",
                    "value": "subnet-58db4211"
                },
                "vpc_id": {
                    "sensitive": false,
                    "type": "string",
                    "value": "vpc-075a7160"
                }
            },
            "resources": {
                "aws_subnet.aws_subnet": {
                    "type": "aws_subnet",
                    "depends_on": [],
                    "primary": {
                        "id": "subnet-58db4211",
                        "attributes": {
                            "assign_ipv6_address_on_creation": "false",
                            "availability_zone": "us-west-2a",
                            "cidr_block": "172.20.0.0/24",
                            "id": "subnet-58db4211",
                            "map_public_ip_on_launch": "false",
                            "tags.%": "0",
                            "vpc_id": "vpc-075a7160"
                        },
                        "meta": {},
                        "tainted": false
                    },
                    "deposed": [],
                    "provider": ""
                }
            },
            "depends_on": []
        },
        {
            "path": [
                "root",
                "vpc"
            ],
            "outputs": {
                "cidr_block": {
                    "sensitive": false,
                    "type": "string",
                    "value": "172.20.0.0/16"
                },
                "default_network_acl_id": {
                    "sensitive": false,
                    "type": "string",
                    "value": "acl-ce0ee3a8"
                },
                "default_route_table_id": {
                    "sensitive": false,
                    "type": "string",
                    "value": "rtb-c1e53da7"
                },
                "default_security_group_id": {
                    "sensitive": false,
                    "type": "string",
                    "value": "sg-0bb80570"
                },
                "enable_dns_support": {
                    "sensitive": false,
                    "type": "string",
                    "value": "true"
                },
                "id": {
                    "sensitive": false,
                    "type": "string",
                    "value": "vpc-075a7160"
                },
                "instance_tenancy": {
                    "sensitive": false,
                    "type": "string",
                    "value": "default"
                },
                "main_route_table_id": {
                    "sensitive": false,
                    "type": "string",
                    "value": "rtb-c1e53da7"
                },
                "tags": {
                    "sensitive": false,
                    "type": "map",
                    "value": {}
                }
            },
            "resources": {
                "aws_vpc.aws_vpc": {
                    "type": "aws_vpc",
                    "depends_on": [],
                    "primary": {
                        "id": "vpc-075a7160",
                        "attributes": {
                            "assign_generated_ipv6_cidr_block": "false",
                            "cidr_block": "172.20.0.0/16",
                            "default_network_acl_id": "acl-ce0ee3a8",
                            "default_route_table_id": "rtb-c1e53da7",
                            "default_security_group_id": "sg-0bb80570",
                            "dhcp_options_id": "dopt-00378b67",
                            "enable_classiclink": "false",
                            "enable_dns_hostnames": "true",
                            "enable_dns_support": "true",
                            "id": "vpc-075a7160",
                            "instance_tenancy": "default",
                            "main_route_table_id": "rtb-c1e53da7",
                            "tags.%": "0"
                        },
                        "meta": {
                            "schema_version": "1"
                        },
                        "tainted": false
                    },
                    "deposed": [],
                    "provider": ""
                }
            },
            "depends_on": []
        },
        {
            "path": [
                "root",
                "vpc_dhcp_options"
            ],
            "outputs": {
                "id": {
                    "sensitive": false,
                    "type": "string",
                    "value": "dopt-f6da4f91"
                }
            },
            "resources": {
                "aws_vpc_dhcp_options.aws_vpc_dhcp_options": {
                    "type": "aws_vpc_dhcp_options",
                    "depends_on": [],
                    "primary": {
                        "id": "dopt-f6da4f91",
                        "attributes": {
                            "domain_name": "us-west-2.compute.internal",
                            "domain_name_servers.#": "1",
                            "domain_name_servers.0": "AmazonProvidedDNS",
                            "id": "dopt-f6da4f91"
                        },
                        "meta": {},
                        "tainted": false
                    },
                    "deposed": [],
                    "provider": ""
                }
            },
            "depends_on": []
        },
        {
            "path": [
                "root",
                "vpc_dhcp_options_association"
            ],
            "outputs": {
                "id": {
                    "sensitive": false,
                    "type": "string",
                    "value": "dopt-f6da4f91-vpc-075a7160"
                }
            },
            "resources": {
                "aws_vpc_dhcp_options_association.aws_vpc_dhcp_options_association": {
                    "type": "aws_vpc_dhcp_options_association",
                    "depends_on": [],
                    "primary": {
                        "id": "dopt-f6da4f91-vpc-075a7160",
                        "attributes": {
                            "dhcp_options_id": "dopt-f6da4f91",
                            "id": "dopt-f6da4f91-vpc-075a7160",
                            "vpc_id": "vpc-075a7160"
                        },
                        "meta": {},
                        "tainted": false
                    },
                    "deposed": [],
                    "provider": ""
                }
            },
            "depends_on": []
        }
    ]
}
